Microsoft Visual Studio Solution File, Format Version 11.00
# Visual Studio 2008

Project("{4452336C-1794-208A-F266-587A78461891}") = "BikeGame", "Assembly-CSharp-firstpass-vs.csproj", "{8B85F823-6575-C247-A9EB-08F4EAF987C7}"
EndProject
Project("{4452336C-1794-208A-F266-587A78461891}") = "BikeGame", "Assembly-CSharp-vs.csproj", "{647474F2-3D88-7979-53A1-9A30D39D637E}"
EndProject
Global
	GlobalSection(SolutionConfigurationPlatforms) = preSolution
		Debug|Any CPU = Debug|Any CPU
		Release|Any CPU = Release|Any CPU
	EndGlobalSection
	GlobalSection(ProjectConfigurationPlatforms) = postSolution
		{8B85F823-6575-C247-A9EB-08F4EAF987C7}.Debug|Any CPU.ActiveCfg = Debug|Any CPU
		{8B85F823-6575-C247-A9EB-08F4EAF987C7}.Debug|Any CPU.Build.0 = Debug|Any CPU
		{8B85F823-6575-C247-A9EB-08F4EAF987C7}.Release|Any CPU.ActiveCfg = Release|Any CPU
		{8B85F823-6575-C247-A9EB-08F4EAF987C7}.Release|Any CPU.Build.0 = Release|Any CPU
		{647474F2-3D88-7979-53A1-9A30D39D637E}.Debug|Any CPU.ActiveCfg = Debug|Any CPU
		{647474F2-3D88-7979-53A1-9A30D39D637E}.Debug|Any CPU.Build.0 = Debug|Any CPU
		{647474F2-3D88-7979-53A1-9A30D39D637E}.Release|Any CPU.ActiveCfg = Release|Any CPU
		{647474F2-3D88-7979-53A1-9A30D39D637E}.Release|Any CPU.Build.0 = Release|Any CPU
	EndGlobalSection
	GlobalSection(SolutionProperties) = preSolution
		HideSolutionNode = FALSE
	EndGlobalSection
		GlobalSection(MonoDevelopProperties) = preSolution
		StartupItem = Assembly-CSharp.csproj
		Policies = $0
		$0.TextStylePolicy = $1
		$1.inheritsSet = null
		$1.scope = text/x-csharp
		$0.CSharpFormattingPolicy = $2
		$2.inheritsSet = Mono
		$2.inheritsScope = text/x-csharp
		$2.scope = text/x-csharp
		$0.TextStylePolicy = $3
		$3.FileWidth = 120
		$3.TabWidth = 4
		$3.EolMarker = Unix
		$3.inheritsSet = Mono
		$3.inheritsScope = text/plain
		$3.scope = text/plain
	EndGlobalSection

EndGlobal
